github.com/FortAwesome/Font-Awesome v0.0.0-20260210181720-337dd2045d56 h1:wZEHFCO5SVesIEn1oBuo3ltK7stDYViJsNT2aGRSXN4=
github.com/FortAwesome/Font-Awesome v0.0.0-20260210181720-337dd2045d56/go.mod h1:IUgezN/MFpCDIlFezw3L8j83oeiIuYoj28Miwr/KUYo=
github.com/airbnb/lottie-web v5.13.0+incompatible h1:plBV5Uq/F1kK0EC61Hr0cBGReI9OgUfd/pp0baoDX8o=
github.com/airbnb/lottie-web v5.13.0+incompatible/go.mod h1:nTss557UK9FGnp8QYlCMO29tjUHwbdAHG/DprbGfHGE=
github.com/cloudcannon/bookshop/hugo/v3 v3.17.1 h1:weTVWBamjQHMIp/oYTFsPwRzzhWrZA6JO43QnxI1kxw=
github.com/cloudcannon/bookshop/hugo/v3 v3.17.1/go.mod h1:s7mIonDhtsLcn10ZKuVXyqd6BDHI8vT1WQhZw8rPfY8=
github.com/cloudcannon/bookshop/hugo/v3 v3.18.2 h1:j3XUvvuCv/7SfGKzd7gzb3WEgs1DurqTRDe7gdMAAvU=
github.com/cloudcannon/bookshop/hugo/v3 v3.18.2/go.mod h1:s7mIonDhtsLcn10ZKuVXyqd6BDHI8vT1WQhZw8rPfY8=
github.com/gethinode/hinode/v2 v2.0.0-beta.75 h1:QXzfuWrF30EPxqQjyyTrp7obtc9R2oJvizoPpyRr3Vk=
github.com/gethinode/hinode/v2 v2.0.0-beta.75/go.mod h1:mAG8hGa0npY9yk+voY3mzFa4GwFe5n4igkCstr+n50M=
github.com/gethinode/hinode/v2 v2.0.0-beta.77 h1:IxTWg81LcXDR01Tiwwl72dSDft0yU5j0DdXjAxZMeBM=
github.com/gethinode/hinode/v2 v2.0.0-beta.77/go.mod h1:mAG8hGa0npY9yk+voY3mzFa4GwFe5n4igkCstr+n50M=
github.com/gethinode/hinode/v2 v2.0.0-beta.78 h1:LFAVCivYVFRaSmtCuM42/Soq19F8BpTnjsyBtRuRD7k=
github.com/gethinode/hinode/v2 v2.0.0-beta.78/go.mod h1:mAG8hGa0npY9yk+voY3mzFa4GwFe5n4igkCstr+n50M=
github.com/gethinode/hinode/v2 v2.0.0-beta.80 h1:Cv6oVKxNxzMwqv49uEErjtOt+iBhFFus8PaKTUJshlI=
github.com/gethinode/hinode/v2 v2.0.0-beta.80/go.mod h1:Lj9fhJwkg5CeDUf5VpgTF3kMPzwYspo/u5N9uS5FEsY=
github.com/gethinode/hinode/v2 v2.0.0-beta.86 h1:SMZ+jB53O0cm9Qz2/d6lyeMcqAZX39KtLe63DtULh+k=
github.com/gethinode/hinode/v2 v2.0.0-beta.86/go.mod h1:mKwam4vd/W0GH4BNSHQIlfxxfW2lfFZ8Ckqq57BmjA0=
github.com/gethinode/hinode/v2 v2.0.0-beta.88 h1:CDc1NJY+PvvCiTMS1htAfwwnd9QprGr7ci7XA4LSOvI=
github.com/gethinode/hinode/v2 v2.0.0-beta.88/go.mod h1:mKwam4vd/W0GH4BNSHQIlfxxfW2lfFZ8Ckqq57BmjA0=
github.com/gethinode/hinode/v2 v2.1.2 h1:uuHNrIlALBVrb9iPcajtPk8s/EdjoEt+GwzCAKEsvNA=
github.com/gethinode/hinode/v2 v2.1.2/go.mod h1:3h5VvTRz+92liAswHi7G/gJAfCziuLL2KUkZikKxQpQ=
github.com/gethinode/hinode/v2 v2.2.4 h1:g+hXJftihBrEOBjEbJI8fKBz7etdV4A7Pqdzf0okAlk=
github.com/gethinode/hinode/v2 v2.2.4/go.mod h1:cYLI206auGuW79iZGvOUTeDLDuI9ckMaCw+S1VSAXMM=
github.com/gethinode/mod-blocks v1.10.0 h1:kYh+DIY3mFaZFL96JQXl81mq23CZzv0eIcNrxQAFino=
github.com/gethinode/mod-blocks v1.10.0/go.mod h1:33+IprRvmcxkLPCJKqMrvMHIw3S/Rv4lK4sWUqWr1fA=
github.com/gethinode/mod-blocks v1.12.0 h1:yYUmLJR3pYDnsbTXR/yvQdTAba/gjtp6AK9nA/pHiv4=
github.com/gethinode/mod-blocks v1.12.0/go.mod h1:33+IprRvmcxkLPCJKqMrvMHIw3S/Rv4lK4sWUqWr1fA=
github.com/gethinode/mod-blocks v1.13.0 h1:/EgthXfhKFvDwsP9tFVUjNFR1h37wCoPQu8A/XRx4oo=
github.com/gethinode/mod-blocks v1.13.0/go.mod h1:jJ9VcUecK16bXza0uGVdOpKeuV+d+qVtjfLKvR4jFA8=
github.com/gethinode/mod-blocks v1.15.1 h1:gKUclJD+yUhsrLRr5uheOJ2MMLK2EuAAZFZI6nCpc68=
github.com/gethinode/mod-blocks v1.15.1/go.mod h1:A9WagW9TCZxv/VsVF92CATjfxeVDKBrhF1n33IV9250=
github.com/gethinode/mod-blocks v1.16.1 h1:jO1lnFJqgDDqQQs0n8gnsu1o1n9MIde9LDuAFcnnjA4=
github.com/gethinode/mod-blocks v1.16.1/go.mod h1:sAMe4iLdX14DQQ8cl0GN6k1TTjZzpRnKQ9OafgN9rAw=
github.com/gethinode/mod-blocks v1.18.1 h1:FjMDAqgiNyZcRQYkHeQjzN7tyDEwxNrq4SCyHKxVYMs=
github.com/gethinode/mod-blocks v1.18.1/go.mod h1:sAMe4iLdX14DQQ8cl0GN6k1TTjZzpRnKQ9OafgN9rAw=
github.com/gethinode/mod-bootstrap v1.3.5 h1:bewgYpQex+dBABK0u5PUvW6IoUXLHhi1Yv9hcPzwGVc=
github.com/gethinode/mod-bootstrap v1.3.5/go.mod h1:CxrYCFzKtBMz3YWG5i/d5jHKCgvUo60NFcCmz2mxCjQ=
github.com/gethinode/mod-bootstrap-icons v1.4.1 h1:XgP3VU8YiH3FLbF35yltddZKoD6gMC53PYEq3GJ9U4M=
github.com/gethinode/mod-bootstrap-icons v1.4.1/go.mod h1:Zerq06ruLGV3V2IcvG1UDaJzCrNN4KcfgJAM3LXgXm0=
github.com/gethinode/mod-cookieyes/v3 v3.0.4 h1:dVKazUb9kAc3H7nHWJXzwFjHPTAmIojDwa9pSXck8Qk=
github.com/gethinode/mod-cookieyes/v3 v3.0.4/go.mod h1:nhLWDG1BCHAPXFdGYYbCrgFbm4XrSOyxbGlZZAeWJsM=
github.com/gethinode/mod-cookieyes/v3 v3.0.5 h1:TM356MUe1VPJUZCBeue7ZKAYRn8lncPKtZSwzopMOws=
github.com/gethinode/mod-cookieyes/v3 v3.0.5/go.mod h1:nhLWDG1BCHAPXFdGYYbCrgFbm4XrSOyxbGlZZAeWJsM=
github.com/gethinode/mod-csp v1.0.9 h1:Bt4agpC/Wy56Gabt8Ox2LbNoj2yrSYXCzY2o69D3dPA=
github.com/gethinode/mod-csp v1.0.9/go.mod h1:Nb22QMicoUHgZQUKP5TCgVrSI8K3KU7jLuLBShmotjg=
github.com/gethinode/mod-flexsearch/v4 v4.0.0 h1:gBDXTaV+N0tyAUfM4vaQXyzYim9DpS6ifdmvzUxirf0=
github.com/gethinode/mod-flexsearch/v4 v4.0.0/go.mod h1:GEaf4tD8AOpI/6eZH/aPuG1hrWxwSEiDtDPF0Ow73YI=
github.com/gethinode/mod-flexsearch/v4 v4.0.1 h1:oMPogeGHu67K9ADNm+IdWYr2XNBDVohKpHVLRkvC0Xg=
github.com/gethinode/mod-flexsearch/v4 v4.0.1/go.mod h1:GEaf4tD8AOpI/6eZH/aPuG1hrWxwSEiDtDPF0Ow73YI=
github.com/gethinode/mod-flexsearch/v4 v4.1.0 h1:Xbrf0ybwO91r2gN2hp5RTffycD0qJh+Gx6gmTjTJ0c8=
github.com/gethinode/mod-flexsearch/v4 v4.1.0/go.mod h1:WO5lHVeYkv6ief/TSAxOYfzk0KYaqEUJU8B2/imJWTA=
github.com/gethinode/mod-fontawesome/v5 v5.0.7 h1:aJmSBddlg0AtmtKx+YQL8r1G6xwVgSgQ/heAo4a1s7Q=
github.com/gethinode/mod-fontawesome/v5 v5.0.7/go.mod h1:Ez2jywor0jNGHBojEJ1KtJkUiFLjaZixehnwsMsTsrY=
github.com/gethinode/mod-fontawesome/v5 v5.0.8 h1:BAlV+BMlk6FEuLwm8hRn3wT6wH8i6496lB0Rc9ZLC/g=
github.com/gethinode/mod-fontawesome/v5 v5.0.8/go.mod h1:6TtI+LriOd4PmUGsNF0IOnyAwysblLMonCIy3tcvAJ8=
github.com/gethinode/mod-fontawesome/v5 v5.1.0 h1:u3ntQMe1fGntcrljxrbZXA9Q0z2WHlmbPT0sL+Uw1o8=
github.com/gethinode/mod-fontawesome/v5 v5.1.0/go.mod h1:b9nG1pel6LIWiNyb0kZAmyhLo2rrx4dvG2xyoD8tDlk=
github.com/gethinode/mod-google-analytics/v2 v2.0.0 h1:Vor4j56qtpjtKY9r5QLeN5CBxuf8YKP3+XvQKEkayrM=
github.com/gethinode/mod-google-analytics/v2 v2.0.0/go.mod h1:y4ZlacA8FSXjmvn9P8cZshOrBB5Wc+3p0DKSehkk+8E=
github.com/gethinode/mod-katex v1.1.4 h1:HWc45uHKX2JhI624UnA46LCZkLGhSbaq+zAHt9e57zw=
github.com/gethinode/mod-katex v1.1.4/go.mod h1:byAfpI3wuqNJIooTGVEGc1cjBhhCy4+CcK1H6495MYg=
github.com/gethinode/mod-leaflet/v2 v2.0.0 h1:94sQHzzrgB15LuePziHahss/SgJ21a2kDsOx4eE4e7A=
github.com/gethinode/mod-leaflet/v2 v2.0.0/go.mod h1:Z9VrlYTqFRHTI0E/lTG/H7X2nT/JuhoLFaS+jbov7/s=
github.com/gethinode/mod-leaflet/v2 v2.1.0 h1:UNatsksPPPU3jtB1DD0o59o2B2iGfkdgWOWn/g4jT10=
github.com/gethinode/mod-leaflet/v2 v2.1.0/go.mod h1:A9Inp9uwSDD6vW8uYVVGl6eXGMe+j3ESOxV4T53HOaM=
github.com/gethinode/mod-lottie/v2 v2.0.1 h1:jIY5oGHtkXXvJoxNAE2AueoqxqNNlTYHF4+igQmkIAU=
github.com/gethinode/mod-lottie/v2 v2.0.1/go.mod h1:/YzhRcG9H8MyODt8qaOQP0nqoux7EFHW2S7ugiiFf0o=
github.com/gethinode/mod-lottie/v2 v2.1.0 h1:d0ViSsZr8idst7/zWTjCHp93jdX9fPHeGaAHEhi7lO4=
github.com/gethinode/mod-lottie/v2 v2.1.0/go.mod h1:QFnp51I+PvZDeqI8jxETVffIjRmibNYQixkUmZxKivM=
github.com/gethinode/mod-mermaid/v3 v3.0.1 h1:h4v3QvGpSln9PDbWccSktULq9FbRZ57JN4Lp+gVjvVI=
github.com/gethinode/mod-mermaid/v3 v3.0.1/go.mod h1:rbI8IKFfKVGqTY/eJnuNJwzB5kSjaEUNX0NRHc4rBfA=
github.com/gethinode/mod-mermaid/v4 v4.3.0 h1:R3J0wvWaEw6WSdhBRIUjdQj3FMBGrchOmH7MPbcr1tM=
github.com/gethinode/mod-mermaid/v4 v4.3.0/go.mod h1:E4+/ERo1hjEsbCOXbc7FiLmADll36i0rVkAdZ4KHsQ0=
github.com/gethinode/mod-simple-datatables/v3 v3.0.0 h1:E2owLogo5oY2jR0N5/7zLB+ZXGEOGtbCAUry1FNRV88=
github.com/gethinode/mod-simple-datatables/v3 v3.0.0/go.mod h1:s/RUJ5mltgAiSPyg8odNLEU5TR0YzkfwwcOpRP0+3Bc=
github.com/gethinode/mod-utils/v5 v5.15.0 h1:8X/QT/O/OQaN6IISVg9C4/mp/DIr2+q+ofM7Ll3pLT8=
github.com/gethinode/mod-utils/v5 v5.15.0/go.mod h1:PwQN4oOjA6k/vet11JueJ9asZMgL0DBa3jyS9tPkBWU=
github.com/gethinode/mod-utils/v5 v5.17.0 h1:qwOGyfWWmaSTQBaYrhRNYN/ATuTZ7XXOeAjLETxMGR0=
github.com/gethinode/mod-utils/v5 v5.17.0/go.mod h1:PwQN4oOjA6k/vet11JueJ9asZMgL0DBa3jyS9tPkBWU=
github.com/gethinode/mod-utils/v5 v5.19.0 h1:fX3gTsYoimUNqD/KeBsyBrrJ2DygQ0M7Rc8gL1HT5Tc=
github.com/gethinode/mod-utils/v5 v5.19.0/go.mod h1:PwQN4oOjA6k/vet11JueJ9asZMgL0DBa3jyS9tPkBWU=
github.com/gethinode/mod-utils/v5 v5.19.1 h1:peyYRxjIf8d84mt435veKaiO5nrIBXQ5xrHKHqcJehw=
github.com/gethinode/mod-utils/v5 v5.19.1/go.mod h1:PwQN4oOjA6k/vet11JueJ9asZMgL0DBa3jyS9tPkBWU=
github.com/gethinode/mod-utils/v5 v5.20.0 h1:K+oBv8kJ4pVj4m1HlxgJiC+DYNX4oumqS6Cvcp2C8Ho=
github.com/gethinode/mod-utils/v5 v5.20.0/go.mod h1:PwQN4oOjA6k/vet11JueJ9asZMgL0DBa3jyS9tPkBWU=
github.com/nextapps-de/flexsearch v0.0.0-20250907103239-defb38b083f0 h1:55phPhe6fDjfjG0jX4+br3nLORKgjgx8abZUdI0YJRA=
github.com/nextapps-de/flexsearch v0.0.0-20250907103239-defb38b083f0/go.mod h1:5GdMfPAXzbA2gXBqTjC6l27kioSYzHlqDMh0+wyx7sU=
github.com/twbs/bootstrap v5.3.8+incompatible h1:eK1fsXP7R/FWFt+sSNmmvUH9usPocf240nWVw7Dh02o=
github.com/twbs/bootstrap v5.3.8+incompatible/go.mod h1:fZTSrkpSf0/HkL0IIJzvVspTt1r9zuf7XlZau8kpcY0=
github.com/twbs/icons v1.13.1 h1:6bmNXvoeIbvjFWjfbjXg5JGbelLD1haIsMaEIzE9UZI=
github.com/twbs/icons v1.13.1/go.mod h1:GnRlymgVWp5iVJCMa0Me5b6tFyGpVc2bSxPMRGIJmyA=
